<?xml version="1.0" encoding="utf-8"?>
<Project ToolsVersion="4.0" xmlns="http://schemas.microsoft.com/developer/msbuild/2003">
  <ItemGroup>
    <Filter Include="Source Files">
      <UniqueIdentifier>{4FC737F1-C7A5-4376-A066-2A32D752A2FF}</UniqueIdentifier>
      <Extensions>cpp;c;cc;cxx;def;odl;idl;hpj;bat;asm;asmx</Extensions>
    </Filter>
    <Filter Include="Header Files">
      <UniqueIdentifier>{93995380-89BD-4b04-88EB-625FBE52EBFB}</UniqueIdentifier>
      <Extensions>h;hpp;hxx;hm;inl;inc;xsd</Extensions>
    </Filter>
    <Filter Include="Resource Files">
      <UniqueIdentifier>{67DA6AB6-F800-4c08-8B7A-83BB121AAD01}</UniqueIdentifier>
      <Extensions>rc;ico;cur;bmp;dlg;rc2;rct;bin;rgs;gif;jpg;jpeg;jpe;resx;tiff;tif;png;wav;mfcribbon-ms</Extensions>
    </Filter>
  </ItemGroup>
  <ItemGroup>
    <ClInclude Include="include\ability.h">
      <Filter>Header Files</Filter>
    </ClInclude>
    <ClInclude Include="include\berry.h">
      <Filter>Header Files</Filter>
    </ClInclude>
    <ClInclude Include="include\item.h">
      <Filter>Header Files</Filter>
    </ClInclude>
    <ClInclude Include="include\mbox.h">
      <Filter>Header Files</Filter>
    </ClInclude>
    <ClInclude Include="include\PKMN.h">
      <Filter>Header Files</Filter>
    </ClInclude>
    <ClInclude Include="include\savgm.h">
      <Filter>Header Files</Filter>
    </ClInclude>
    <ClInclude Include="include\scrnloader.h">
      <Filter>Header Files</Filter>
    </ClInclude>
    <ClInclude Include="include\attack.h">
      <Filter>Header Files</Filter>
    </ClInclude>
    <ClInclude Include="include\n3dsampleframework.h">
      <Filter>Header Files</Filter>
    </ClInclude>
    <ClInclude Include="include\Map.h">
      <Filter>Header Files</Filter>
    </ClInclude>
    <ClInclude Include="include\sprite.h">
      <Filter>Header Files</Filter>
    </ClInclude>
    <ClInclude Include="include\keyboard.h">
      <Filter>Header Files</Filter>
    </ClInclude>
    <ClInclude Include="include\unistd.h">
      <Filter>Header Files</Filter>
    </ClInclude>
    <ClInclude Include="include\nitrofs.h">
      <Filter>Header Files</Filter>
    </ClInclude>
    <ClInclude Include="include\Map_Obj.h">
      <Filter>Header Files</Filter>
    </ClInclude>
    <ClInclude Include="include\type.h">
      <Filter>Header Files</Filter>
    </ClInclude>
    <ClInclude Include="include\bag.h">
      <Filter>Header Files</Filter>
    </ClInclude>
    <ClInclude Include="include\print.h">
      <Filter>Header Files</Filter>
    </ClInclude>
    <ClInclude Include="include\font_data.h">
      <Filter>Header Files</Filter>
    </ClInclude>
    <ClInclude Include="include\nsbmd.h">
      <Filter>Header Files</Filter>
    </ClInclude>
    <ClInclude Include="include\battle.h">
      <Filter>Header Files</Filter>
    </ClInclude>
    <ClInclude Include="include\sound.h">
      <Filter>Header Files</Filter>
    </ClInclude>
    <ClInclude Include="include\map2d.h">
      <Filter>Header Files</Filter>
    </ClInclude>
    <ClInclude Include="include\Gen.h">
      <Filter>Header Files</Filter>
    </ClInclude>
  </ItemGroup>
  <ItemGroup>
    <ClCompile Include="source\ability.cpp">
      <Filter>Source Files</Filter>
    </ClCompile>
    <ClCompile Include="source\main.cpp">
      <Filter>Source Files</Filter>
    </ClCompile>
    <ClCompile Include="source\PKMN.cpp">
      <Filter>Source Files</Filter>
    </ClCompile>
    <ClCompile Include="source\savgm.cpp">
      <Filter>Source Files</Filter>
    </ClCompile>
    <ClCompile Include="source\attack.cpp">
      <Filter>Source Files</Filter>
    </ClCompile>
    <ClCompile Include="source\n3dsampleframework_nds.cpp">
      <Filter>Source Files</Filter>
    </ClCompile>
    <ClCompile Include="source\Map.cpp">
      <Filter>Source Files</Filter>
    </ClCompile>
    <ClCompile Include="source\mbox.cpp">
      <Filter>Source Files</Filter>
    </ClCompile>
    <ClCompile Include="source\Box.cpp">
      <Filter>Source Files</Filter>
    </ClCompile>
    <ClCompile Include="source\hex2dec.c">
      <Filter>Source Files</Filter>
    </ClCompile>
    <ClCompile Include="source\nitrofs.c">
      <Filter>Source Files</Filter>
    </ClCompile>
    <ClCompile Include="source\options.cpp">
      <Filter>Source Files</Filter>
    </ClCompile>
    <ClCompile Include="source\Map_Obj.cpp">
      <Filter>Source Files</Filter>
    </ClCompile>
    <ClCompile Include="source\sprite.cpp">
      <Filter>Source Files</Filter>
    </ClCompile>
    <ClCompile Include="source\scrnloader.cpp">
      <Filter>Source Files</Filter>
    </ClCompile>
    <ClCompile Include="source\Bag.cpp">
      <Filter>Source Files</Filter>
    </ClCompile>
    <ClCompile Include="source\type.cpp">
      <Filter>Source Files</Filter>
    </ClCompile>
    <ClCompile Include="source\item.cpp">
      <Filter>Source Files</Filter>
    </ClCompile>
    <ClCompile Include="source\print.cpp">
      <Filter>Source Files</Filter>
    </ClCompile>
    <ClCompile Include="source\font_data.cpp">
      <Filter>Source Files</Filter>
    </ClCompile>
    <ClCompile Include="source\maploader.cpp">
      <Filter>Source Files</Filter>
    </ClCompile>
    <ClCompile Include="source\battle.cpp">
      <Filter>Source Files</Filter>
    </ClCompile>
    <ClCompile Include="source\keyboard.cpp">
      <Filter>Source Files</Filter>
    </ClCompile>
    <ClCompile Include="source\sound.cpp">
      <Filter>Source Files</Filter>
    </ClCompile>
    <ClCompile Include="source\map2d.cpp">
      <Filter>Source Files</Filter>
    </ClCompile>
    <ClCompile Include="source\Gen.cpp">
      <Filter>Source Files</Filter>
    </ClCompile>
  </ItemGroup>
  <ItemGroup>
    <None Include="Makefile">
      <Filter>Source Files</Filter>
    </None>
  </ItemGroup>
  <ItemGroup>
    <Text Include="..\ChangeLog.txt">
      <Filter>Source Files</Filter>
    </Text>
  </ItemGroup>
</Project>