<?xml version="1.0" encoding="utf-8"?>
<Project ToolsVersion="4.0" xmlns="http://schemas.microsoft.com/developer/msbuild/2003">
  <ItemGroup>
    <Filter Include="Source Files">
      <UniqueIdentifier>{4FC737F1-C7A5-4376-A066-2A32D752A2FF}</UniqueIdentifier>
      <Extensions>cpp;c;cc;cxx;def;odl;idl;hpj;bat;asm;asmx</Extensions>
    </Filter>
    <Filter Include="Header Files">
      <UniqueIdentifier>{93995380-89BD-4b04-88EB-625FBE52EBFB}</UniqueIdentifier>
      <Extensions>h;hpp;hxx;hm;inl;inc;xsd</Extensions>
    </Filter>
    <Filter Include="Resource Files">
      <UniqueIdentifier>{67DA6AB6-F800-4c08-8B7A-83BB121AAD01}</UniqueIdentifier>
      <Extensions>rc;ico;cur;bmp;dlg;rc2;rct;bin;rgs;gif;jpg;jpeg;jpe;resx;tiff;tif;png;wav;mfcribbon-ms</Extensions>
    </Filter>
    <Filter Include="Header Files\arm7">
      <UniqueIdentifier>{b993ab4b-e2b4-41cf-b080-78256e1f803b}</UniqueIdentifier>
    </Filter>
    <Filter Include="Header Files\arm9">
      <UniqueIdentifier>{cd7b15c1-903c-4c5d-ae67-2c1eab62e203}</UniqueIdentifier>
    </Filter>
    <Filter Include="Source Files\arm7">
      <UniqueIdentifier>{c7deb384-0593-4b93-8ae5-276969bce207}</UniqueIdentifier>
    </Filter>
    <Filter Include="Source Files\arm9">
      <UniqueIdentifier>{dd4570e5-bf87-4555-98dc-6b64bacab8e0}</UniqueIdentifier>
    </Filter>
  </ItemGroup>
  <ItemGroup>
    <ClInclude Include="arm7\include\as_lib7.h">
      <Filter>Header Files\arm7</Filter>
    </ClInclude>
    <ClInclude Include="arm9\include\ability.h">
      <Filter>Header Files\arm9</Filter>
    </ClInclude>
    <ClInclude Include="arm9\include\as_lib9.h">
      <Filter>Header Files\arm9</Filter>
    </ClInclude>
    <ClInclude Include="arm9\include\bag.h">
      <Filter>Header Files\arm9</Filter>
    </ClInclude>
    <ClInclude Include="arm9\include\battle.h">
      <Filter>Header Files\arm9</Filter>
    </ClInclude>
    <ClInclude Include="arm9\include\berry.h">
      <Filter>Header Files\arm9</Filter>
    </ClInclude>
    <ClInclude Include="arm9\include\Gen.h">
      <Filter>Header Files\arm9</Filter>
    </ClInclude>
    <ClInclude Include="arm9\include\item.h">
      <Filter>Header Files\arm9</Filter>
    </ClInclude>
    <ClInclude Include="arm9\include\keyboard.h">
      <Filter>Header Files\arm9</Filter>
    </ClInclude>
    <ClInclude Include="arm9\include\map2d.h">
      <Filter>Header Files\arm9</Filter>
    </ClInclude>
    <ClInclude Include="arm9\include\nitrofs.h">
      <Filter>Header Files\arm9</Filter>
    </ClInclude>
    <ClInclude Include="arm9\include\PKMN.h">
      <Filter>Header Files\arm9</Filter>
    </ClInclude>
    <ClInclude Include="arm9\include\print.h">
      <Filter>Header Files\arm9</Filter>
    </ClInclude>
    <ClInclude Include="arm9\include\sprite.h">
      <Filter>Header Files\arm9</Filter>
    </ClInclude>
    <ClInclude Include="arm9\include\type.h">
      <Filter>Header Files\arm9</Filter>
    </ClInclude>
    <ClInclude Include="arm9\include\unistd.h">
      <Filter>Header Files\arm9</Filter>
    </ClInclude>
    <ClInclude Include="arm9\include\mapconfig.h">
      <Filter>Header Files</Filter>
    </ClInclude>
    <ClInclude Include="arm9\include\hmMoves.h">
      <Filter>Header Files</Filter>
    </ClInclude>
    <ClInclude Include="arm9\include\move.h">
      <Filter>Header Files\arm9</Filter>
    </ClInclude>
    <ClInclude Include="arm9\include\buffer.h">
      <Filter>Header Files</Filter>
    </ClInclude>
    <ClInclude Include="arm9\include\screenLoader.h">
      <Filter>Header Files\arm9</Filter>
    </ClInclude>
    <ClInclude Include="arm9\include\saveGame.h">
      <Filter>Header Files\arm9</Filter>
    </ClInclude>
    <ClInclude Include="arm9\include\fontData.h">
      <Filter>Header Files\arm9</Filter>
    </ClInclude>
    <ClInclude Include="arm9\include\messageBox.h">
      <Filter>Header Files\arm9</Filter>
    </ClInclude>
  </ItemGroup>
  <ItemGroup>
    <ClCompile Include="arm9\source\ability.cpp">
      <Filter>Source Files\arm9</Filter>
    </ClCompile>
    <ClCompile Include="arm7\source\as_lib7.c">
      <Filter>Source Files\arm7</Filter>
    </ClCompile>
    <ClCompile Include="arm9\source\Box.cpp">
      <Filter>Source Files\arm9</Filter>
    </ClCompile>
    <ClCompile Include="arm9\source\battle.cpp">
      <Filter>Source Files\arm9</Filter>
    </ClCompile>
    <ClCompile Include="arm9\source\Gen.cpp">
      <Filter>Source Files\arm9</Filter>
    </ClCompile>
    <ClCompile Include="arm9\source\hex2dec.c">
      <Filter>Source Files\arm9</Filter>
    </ClCompile>
    <ClCompile Include="arm9\source\item.cpp">
      <Filter>Source Files\arm9</Filter>
    </ClCompile>
    <ClCompile Include="arm9\source\keyboard.cpp">
      <Filter>Source Files\arm9</Filter>
    </ClCompile>
    <ClCompile Include="arm9\source\main.cpp">
      <Filter>Source Files\arm9</Filter>
    </ClCompile>
    <ClCompile Include="arm9\source\map2d.cpp">
      <Filter>Source Files\arm9</Filter>
    </ClCompile>
    <ClCompile Include="arm9\source\nitrofs.c">
      <Filter>Source Files\arm9</Filter>
    </ClCompile>
    <ClCompile Include="arm9\source\PKMN.cpp">
      <Filter>Source Files\arm9</Filter>
    </ClCompile>
    <ClCompile Include="arm9\source\print.cpp">
      <Filter>Source Files\arm9</Filter>
    </ClCompile>
    <ClCompile Include="arm9\source\sprite.cpp">
      <Filter>Source Files\arm9</Filter>
    </ClCompile>
    <ClCompile Include="arm9\source\type.cpp">
      <Filter>Source Files\arm9</Filter>
    </ClCompile>
    <ClCompile Include="arm9\source\as_lib9.c">
      <Filter>Source Files\arm9</Filter>
    </ClCompile>
    <ClCompile Include="arm7\source\main.c">
      <Filter>Source Files\arm7</Filter>
    </ClCompile>
    <ClCompile Include="arm9\source\mapconfig.cpp">
      <Filter>Source Files</Filter>
    </ClCompile>
    <ClCompile Include="arm9\source\move.cpp">
      <Filter>Source Files\arm9</Filter>
    </ClCompile>
    <ClCompile Include="arm9\source\buffer.cpp">
      <Filter>Source Files</Filter>
    </ClCompile>
    <ClCompile Include="arm9\source\bag.cpp">
      <Filter>Source Files\arm9</Filter>
    </ClCompile>
    <ClCompile Include="arm9\source\screenLoader.cpp">
      <Filter>Source Files\arm9</Filter>
    </ClCompile>
    <ClCompile Include="arm9\source\saveGame.cpp">
      <Filter>Source Files\arm9</Filter>
    </ClCompile>
    <ClCompile Include="arm9\source\fontData.cpp">
      <Filter>Source Files\arm9</Filter>
    </ClCompile>
    <ClCompile Include="arm9\source\messageBox.cpp">
      <Filter>Source Files\arm9</Filter>
    </ClCompile>
  </ItemGroup>
  <ItemGroup>
    <None Include="Makefile">
      <Filter>Source Files</Filter>
    </None>
  </ItemGroup>
  <ItemGroup>
    <Text Include="..\ChangeLog.txt">
      <Filter>Source Files</Filter>
    </Text>
  </ItemGroup>
</Project>