
Microsoft Visual Studio Solution File, Format Version 12.00
# Visual Studio 2012
Project("{8BC9CEB8-8B4A-11D0-8D11-00A0C91BC942}") = "P-Emerald_2", "P-Emerald_2\P-Emerald_2.vcxproj", "{516845C0-8C30-4C35-80DF-F3ED8E61213B}"
EndProject
Global
	GlobalSection(SolutionConfigurationPlatforms) = preSolution
		Debug|Win32 = Debug|Win32
		Release|Win32 = Release|Win32
	EndGlobalSection
	GlobalSection(ProjectConfigurationPlatforms) = postSolution
		{516845C0-8C30-4C35-80DF-F3ED8E61213B}.Debug|Win32.ActiveCfg = Debug|Win32
		{516845C0-8C30-4C35-80DF-F3ED8E61213B}.Debug|Win32.Build.0 = Debug|Win32
		{516845C0-8C30-4C35-80DF-F3ED8E61213B}.Release|Win32.ActiveCfg = Release|Win32
		{516845C0-8C30-4C35-80DF-F3ED8E61213B}.Release|Win32.Build.0 = Release|Win32
	EndGlobalSection
	GlobalSection(SolutionProperties) = preSolution
		HideSolutionNode = FALSE
	EndGlobalSection
EndGlobal
